// !$*UTF8*$!
{
	archiveVersion = 1;
	classes = {
	};
	objectVersion = 56;
	objects = {

/* Begin PBXBuildFile section */
		9F2DACD82BBCE30C001A161D /* BaseViewController.swift in Sources */ = {isa = PBXBuildFile; fileRef = 9F2DACD52BBCE30C001A161D /* BaseViewController.swift */; };
		9F2DACD92BBCE30C001A161D /* BaseViewCode.swift in Sources */ = {isa = PBXBuildFile; fileRef = 9F2DACD62BBCE30C001A161D /* BaseViewCode.swift */; };
		9F2DACDA2BBCE30C001A161D /* BaseView.swift in Sources */ = {isa = PBXBuildFile; fileRef = 9F2DACD72BBCE30C001A161D /* BaseView.swift */; };
		9F2DACDD2BBCE418001A161D /* ArticlesView.swift in Sources */ = {isa = PBXBuildFile; fileRef = 9F2DACDC2BBCE418001A161D /* ArticlesView.swift */; };
		9F59E4012BF01C28004FB32C /* Coordinator.swift in Sources */ = {isa = PBXBuildFile; fileRef = 9F59E4002BF01C28004FB32C /* Coordinator.swift */; };
		9F59E4042BF0226F004FB32C /* EndPoint.swift in Sources */ = {isa = PBXBuildFile; fileRef = 9F59E4032BF0226F004FB32C /* EndPoint.swift */; };
		9F59E4062BF023B1004FB32C /* DataProvider.swift in Sources */ = {isa = PBXBuildFile; fileRef = 9F59E4052BF023B1004FB32C /* DataProvider.swift */; };
		9F6CE2EF2BBB7BF3003DEBDA /* AppDelegate.swift in Sources */ = {isa = PBXBuildFile; fileRef = 9F6CE2EE2BBB7BF3003DEBDA /* AppDelegate.swift */; };
		9F6CE2F12BBB7BF3003DEBDA /* SceneDelegate.swift in Sources */ = {isa = PBXBuildFile; fileRef = 9F6CE2F02BBB7BF3003DEBDA /* SceneDelegate.swift */; };
		9F6CE2F32BBB7BF3003DEBDA /* ArticlesViewController.swift in Sources */ = {isa = PBXBuildFile; fileRef = 9F6CE2F22BBB7BF3003DEBDA /* ArticlesViewController.swift */; };
		9F6CE2F82BBB7BF5003DEBDA /* Assets.xcassets in Resources */ = {isa = PBXBuildFile; fileRef = 9F6CE2F72BBB7BF5003DEBDA /* Assets.xcassets */; };
		9F6CE2FB2BBB7BF5003DEBDA /* Base in Resources */ = {isa = PBXBuildFile; fileRef = 9F6CE2FA2BBB7BF5003DEBDA /* Base */; };
		9F6CE3062BBB7BF6003DEBDA /* TesteTests.swift in Sources */ = {isa = PBXBuildFile; fileRef = 9F6CE3052BBB7BF6003DEBDA /* TesteTests.swift */; };
		9F6CE31F2BBB8045003DEBDA /* ArticlesPresenter.swift in Sources */ = {isa = PBXBuildFile; fileRef = 9F6CE31E2BBB8045003DEBDA /* ArticlesPresenter.swift */; };
		9F6CE3202BBB8045003DEBDA /* ArticlesPresenter.swift in Sources */ = {isa = PBXBuildFile; fileRef = 9F6CE31E2BBB8045003DEBDA /* ArticlesPresenter.swift */; };
		9F6CE3222BBB8064003DEBDA /* ArticlesModel.swift in Sources */ = {isa = PBXBuildFile; fileRef = 9F6CE3212BBB8064003DEBDA /* ArticlesModel.swift */; };
/* End PBXBuildFile section */

/* Begin PBXContainerItemProxy section */
		9F6CE3022BBB7BF6003DEBDA /* PBXContainerItemProxy */ = {
			isa = PBXContainerItemProxy;
			containerPortal = 9F6CE2E32BBB7BF2003DEBDA /* Project object */;
			proxyType = 1;
			remoteGlobalIDString = 9F6CE2EA2BBB7BF3003DEBDA;
			remoteInfo = Teste;
		};
		9F6CE30C2BBB7BF6003DEBDA /* PBXContainerItemProxy */ = {
			isa = PBXContainerItemProxy;
			containerPortal = 9F6CE2E32BBB7BF2003DEBDA /* Project object */;
			proxyType = 1;
			remoteGlobalIDString = 9F6CE2EA2BBB7BF3003DEBDA;
			remoteInfo = Teste;
		};
/* End PBXContainerItemProxy section */

/* Begin PBXFileReference section */
		9F2DACD52BBCE30C001A161D /* BaseViewController.swift */ = {isa = PBXFileReference; fileEncoding = 4; lastKnownFileType = sourcecode.swift; path = BaseViewController.swift; sourceTree = "<group>"; };
		9F2DACD62BBCE30C001A161D /* BaseViewCode.swift */ = {isa = PBXFileReference; fileEncoding = 4; lastKnownFileType = sourcecode.swift; path = BaseViewCode.swift; sourceTree = "<group>"; };
		9F2DACD72BBCE30C001A161D /* BaseView.swift */ = {isa = PBXFileReference; fileEncoding = 4; lastKnownFileType = sourcecode.swift; path = BaseView.swift; sourceTree = "<group>"; };
		9F2DACDC2BBCE418001A161D /* ArticlesView.swift */ = {isa = PBXFileReference; lastKnownFileType = sourcecode.swift; path = ArticlesView.swift; sourceTree = "<group>"; };
		9F59E4002BF01C28004FB32C /* Coordinator.swift */ = {isa = PBXFileReference; lastKnownFileType = sourcecode.swift; path = Coordinator.swift; sourceTree = "<group>"; };
		9F59E4032BF0226F004FB32C /* EndPoint.swift */ = {isa = PBXFileReference; lastKnownFileType = sourcecode.swift; path = EndPoint.swift; sourceTree = "<group>"; };
		9F59E4052BF023B1004FB32C /* DataProvider.swift */ = {isa = PBXFileReference; lastKnownFileType = sourcecode.swift; path = DataProvider.swift; sourceTree = "<group>"; };
		9F6CE2EB2BBB7BF3003DEBDA /* Teste.app */ = {isa = PBXFileReference; explicitFileType = wrapper.application; includeInIndex = 0; path = Teste.app; sourceTree = BUILT_PRODUCTS_DIR; };
		9F6CE2EE2BBB7BF3003DEBDA /* AppDelegate.swift */ = {isa = PBXFileReference; lastKnownFileType = sourcecode.swift; path = AppDelegate.swift; sourceTree = "<group>"; };
		9F6CE2F02BBB7BF3003DEBDA /* SceneDelegate.swift */ = {isa = PBXFileReference; lastKnownFileType = sourcecode.swift; path = SceneDelegate.swift; sourceTree = "<group>"; };
		9F6CE2F22BBB7BF3003DEBDA /* ArticlesViewController.swift */ = {isa = PBXFileReference; lastKnownFileType = sourcecode.swift; path = ArticlesViewController.swift; sourceTree = "<group>"; };
		9F6CE2F72BBB7BF5003DEBDA /* Assets.xcassets */ = {isa = PBXFileReference; lastKnownFileType = folder.assetcatalog; path = Assets.xcassets; sourceTree = "<group>"; };
		9F6CE2FA2BBB7BF5003DEBDA /* Base */ = {isa = PBXFileReference; lastKnownFileType = file.storyboard; name = Base; path = Base.lproj/LaunchScreen.storyboard; sourceTree = "<group>"; };
		9F6CE2FC2BBB7BF5003DEBDA /* Info.plist */ = {isa = PBXFileReference; lastKnownFileType = text.plist.xml; path = Info.plist; sourceTree = "<group>"; };
		9F6CE3012BBB7BF6003DEBDA /* TesteTests.xctest */ = {isa = PBXFileReference; explicitFileType = wrapper.cfbundle; includeInIndex = 0; path = TesteTests.xctest; sourceTree = BUILT_PRODUCTS_DIR; };
		9F6CE3052BBB7BF6003DEBDA /* TesteTests.swift */ = {isa = PBXFileReference; lastKnownFileType = sourcecode.swift; path = TesteTests.swift; sourceTree = "<group>"; };
		9F6CE30B2BBB7BF6003DEBDA /* TesteUITests.xctest */ = {isa = PBXFileReference; explicitFileType = wrapper.cfbundle; includeInIndex = 0; path = TesteUITests.xctest; sourceTree = BUILT_PRODUCTS_DIR; };
		9F6CE31E2BBB8045003DEBDA /* ArticlesPresenter.swift */ = {isa = PBXFileReference; lastKnownFileType = sourcecode.swift; path = ArticlesPresenter.swift; sourceTree = "<group>"; };
		9F6CE3212BBB8064003DEBDA /* ArticlesModel.swift */ = {isa = PBXFileReference; lastKnownFileType = sourcecode.swift; path = ArticlesModel.swift; sourceTree = "<group>"; };
/* End PBXFileReference section */

/* Begin PBXFrameworksBuildPhase section */
		9F6CE2E82BBB7BF3003DEBDA /* Frameworks */ = {
			isa = PBXFrameworksBuildPhase;
			buildActionMask = 2147483647;
			files = (
			);
			runOnlyForDeploymentPostprocessing = 0;
		};
		9F6CE2FE2BBB7BF6003DEBDA /* Frameworks */ = {
			isa = PBXFrameworksBuildPhase;
			buildActionMask = 2147483647;
			files = (
			);
			runOnlyForDeploymentPostprocessing = 0;
		};
		9F6CE3082BBB7BF6003DEBDA /* Frameworks */ = {
			isa = PBXFrameworksBuildPhase;
			buildActionMask = 2147483647;
			files = (
			);
			runOnlyForDeploymentPostprocessing = 0;
		};
/* End PBXFrameworksBuildPhase section */

/* Begin PBXGroup section */
		9F2DACDB2BBCE3D0001A161D /* main feature */ = {
			isa = PBXGroup;
			children = (
				9F6CE3212BBB8064003DEBDA /* ArticlesModel.swift */,
				9F6CE2F22BBB7BF3003DEBDA /* ArticlesViewController.swift */,
				9F2DACDC2BBCE418001A161D /* ArticlesView.swift */,
				9F6CE31E2BBB8045003DEBDA /* ArticlesPresenter.swift */,
			);
			path = "main feature";
			sourceTree = "<group>";
		};
		9F59E4022BF021E9004FB32C /* Network */ = {
			isa = PBXGroup;
			children = (
				9F59E4032BF0226F004FB32C /* EndPoint.swift */,
				9F59E4052BF023B1004FB32C /* DataProvider.swift */,
			);
			path = Network;
			sourceTree = "<group>";
		};
		9F6CE2E22BBB7BF2003DEBDA = {
			isa = PBXGroup;
			children = (
				9F6CE2ED2BBB7BF3003DEBDA /* Teste */,
				9F6CE3042BBB7BF6003DEBDA /* TesteTests */,
				9F6CE2EC2BBB7BF3003DEBDA /* Products */,
			);
			sourceTree = "<group>";
		};
		9F6CE2EC2BBB7BF3003DEBDA /* Products */ = {
			isa = PBXGroup;
			children = (
				9F6CE2EB2BBB7BF3003DEBDA /* Teste.app */,
				9F6CE3012BBB7BF6003DEBDA /* TesteTests.xctest */,
				9F6CE30B2BBB7BF6003DEBDA /* TesteUITests.xctest */,
			);
			name = Products;
			sourceTree = "<group>";
		};
		9F6CE2ED2BBB7BF3003DEBDA /* Teste */ = {
			isa = PBXGroup;
			children = (
				9F59E4022BF021E9004FB32C /* Network */,
				9F2DACDB2BBCE3D0001A161D /* main feature */,
				9F8332952BBCE2A50065A966 /* Resources */,
				9F6CE2EE2BBB7BF3003DEBDA /* AppDelegate.swift */,
				9F6CE2F02BBB7BF3003DEBDA /* SceneDelegate.swift */,
				9F6CE2F72BBB7BF5003DEBDA /* Assets.xcassets */,
				9F6CE2F92BBB7BF5003DEBDA /* LaunchScreen.storyboard */,
				9F6CE2FC2BBB7BF5003DEBDA /* Info.plist */,
			);
			path = Teste;
			sourceTree = "<group>";
		};
		9F6CE3042BBB7BF6003DEBDA /* TesteTests */ = {
			isa = PBXGroup;
			children = (
				9F6CE3052BBB7BF6003DEBDA /* TesteTests.swift */,
			);
			path = TesteTests;
			sourceTree = "<group>";
		};
		9F8332952BBCE2A50065A966 /* Resources */ = {
			isa = PBXGroup;
			children = (
				9F2DACD72BBCE30C001A161D /* BaseView.swift */,
				9F2DACD62BBCE30C001A161D /* BaseViewCode.swift */,
				9F2DACD52BBCE30C001A161D /* BaseViewController.swift */,
				9F59E4002BF01C28004FB32C /* Coordinator.swift */,
			);
			path = Resources;
			sourceTree = "<group>";
		};
/* End PBXGroup section */

/* Begin PBXNativeTarget section */
		9F6CE2EA2BBB7BF3003DEBDA /* Teste */ = {
			isa = PBXNativeTarget;
			buildConfigurationList = 9F6CE3152BBB7BF6003DEBDA /* Build configuration list for PBXNativeTarget "Teste" */;
			buildPhases = (
				9F6CE2E72BBB7BF3003DEBDA /* Sources */,
				9F6CE2E82BBB7BF3003DEBDA /* Frameworks */,
				9F6CE2E92BBB7BF3003DEBDA /* Resources */,
			);
			buildRules = (
			);
			dependencies = (
			);
			name = Teste;
			productName = Teste;
			productReference = 9F6CE2EB2BBB7BF3003DEBDA /* Teste.app */;
			productType = "com.apple.product-type.application";
		};
		9F6CE3002BBB7BF6003DEBDA /* TesteTests */ = {
			isa = PBXNativeTarget;
			buildConfigurationList = 9F6CE3182BBB7BF6003DEBDA /* Build configuration list for PBXNativeTarget "TesteTests" */;
			buildPhases = (
				9F6CE2FD2BBB7BF6003DEBDA /* Sources */,
				9F6CE2FE2BBB7BF6003DEBDA /* Frameworks */,
				9F6CE2FF2BBB7BF6003DEBDA /* Resources */,
			);
			buildRules = (
			);
			dependencies = (
				9F6CE3032BBB7BF6003DEBDA /* PBXTargetDependency */,
			);
			name = TesteTests;
			productName = TesteTests;
			productReference = 9F6CE3012BBB7BF6003DEBDA /* TesteTests.xctest */;
			productType = "com.apple.product-type.bundle.unit-test";
		};
		9F6CE30A2BBB7BF6003DEBDA /* TesteUITests */ = {
			isa = PBXNativeTarget;
			buildConfigurationList = 9F6CE31B2BBB7BF6003DEBDA /* Build configuration list for PBXNativeTarget "TesteUITests" */;
			buildPhases = (
				9F6CE3072BBB7BF6003DEBDA /* Sources */,
				9F6CE3082BBB7BF6003DEBDA /* Frameworks */,
				9F6CE3092BBB7BF6003DEBDA /* Resources */,
			);
			buildRules = (
			);
			dependencies = (
				9F6CE30D2BBB7BF6003DEBDA /* PBXTargetDependency */,
			);
			name = TesteUITests;
			productName = TesteUITests;
			productReference = 9F6CE30B2BBB7BF6003DEBDA /* TesteUITests.xctest */;
			productType = "com.apple.product-type.bundle.ui-testing";
		};
/* End PBXNativeTarget section */

/* Begin PBXProject section */
		9F6CE2E32BBB7BF2003DEBDA /* Project object */ = {
			isa = PBXProject;
			attributes = {
				BuildIndependentTargetsInParallel = 1;
				LastSwiftUpdateCheck = 1530;
				LastUpgradeCheck = 1530;
				TargetAttributes = {
					9F6CE2EA2BBB7BF3003DEBDA = {
						CreatedOnToolsVersion = 15.3;
					};
					9F6CE3002BBB7BF6003DEBDA = {
						CreatedOnToolsVersion = 15.3;
						TestTargetID = 9F6CE2EA2BBB7BF3003DEBDA;
					};
					9F6CE30A2BBB7BF6003DEBDA = {
						CreatedOnToolsVersion = 15.3;
						TestTargetID = 9F6CE2EA2BBB7BF3003DEBDA;
					};
				};
			};
			buildConfigurationList = 9F6CE2E62BBB7BF2003DEBDA /* Build configuration list for PBXProject "Teste" */;
			compatibilityVersion = "Xcode 14.0";
			developmentRegion = en;
			hasScannedForEncodings = 0;
			knownRegions = (
				en,
				Base,
			);
			mainGroup = 9F6CE2E22BBB7BF2003DEBDA;
			productRefGroup = 9F6CE2EC2BBB7BF3003DEBDA /* Products */;
			projectDirPath = "";
			projectRoot = "";
			targets = (
				9F6CE2EA2BBB7BF3003DEBDA /* Teste */,
				9F6CE3002BBB7BF6003DEBDA /* TesteTests */,
				9F6CE30A2BBB7BF6003DEBDA /* TesteUITests */,
			);
		};
/* End PBXProject section */

/* Begin PBXResourcesBuildPhase section */
		9F6CE2E92BBB7BF3003DEBDA /* Resources */ = {
			isa = PBXResourcesBuildPhase;
			buildActionMask = 2147483647;
			files = (
				9F6CE2F82BBB7BF5003DEBDA /* Assets.xcassets in Resources */,
				9F6CE2FB2BBB7BF5003DEBDA /* Base in Resources */,
			);
			runOnlyForDeploymentPostprocessing = 0;
		};
		9F6CE2FF2BBB7BF6003DEBDA /* Resources */ = {
			isa = PBXResourcesBuildPhase;
			buildActionMask = 2147483647;
			files = (
			);
			runOnlyForDeploymentPostprocessing = 0;
		};
		9F6CE3092BBB7BF6003DEBDA /* Resources */ = {
			isa = PBXResourcesBuildPhase;
			buildActionMask = 2147483647;
			files = (
			);
			runOnlyForDeploymentPostprocessing = 0;
		};
/* End PBXResourcesBuildPhase section */

/* Begin PBXSourcesBuildPhase section */
		9F6CE2E72BBB7BF3003DEBDA /* Sources */ = {
			isa = PBXSourcesBuildPhase;
			buildActionMask = 2147483647;
			files = (
				9F6CE3222BBB8064003DEBDA /* ArticlesModel.swift in Sources */,
				9F6CE2F32BBB7BF3003DEBDA /* ArticlesViewController.swift in Sources */,
				9F59E4012BF01C28004FB32C /* Coordinator.swift in Sources */,
				9F2DACDD2BBCE418001A161D /* ArticlesView.swift in Sources */,
				9F59E4042BF0226F004FB32C /* EndPoint.swift in Sources */,
				9F6CE2EF2BBB7BF3003DEBDA /* AppDelegate.swift in Sources */,
				9F59E4062BF023B1004FB32C /* DataProvider.swift in Sources */,
				9F6CE31F2BBB8045003DEBDA /* ArticlesPresenter.swift in Sources */,
				9F2DACD82BBCE30C001A161D /* BaseViewController.swift in Sources */,
				9F2DACDA2BBCE30C001A161D /* BaseView.swift in Sources */,
				9F2DACD92BBCE30C001A161D /* BaseViewCode.swift in Sources */,
				9F6CE2F12BBB7BF3003DEBDA /* SceneDelegate.swift in Sources */,
			);
			runOnlyForDeploymentPostprocessing = 0;
		};
		9F6CE2FD2BBB7BF6003DEBDA /* Sources */ = {
			isa = PBXSourcesBuildPhase;
			buildActionMask = 2147483647;
			files = (
				9F6CE3202BBB8045003DEBDA /* ArticlesPresenter.swift in Sources */,
				9F6CE3062BBB7BF6003DEBDA /* TesteTests.swift in Sources */,
			);
			runOnlyForDeploymentPostprocessing = 0;
		};
		9F6CE3072BBB7BF6003DEBDA /* Sources */ = {
			isa = PBXSourcesBuildPhase;
			buildActionMask = 2147483647;
			files = (
			);
			runOnlyForDeploymentPostprocessing = 0;
		};
/* End PBXSourcesBuildPhase section */

/* Begin PBXTargetDependency section */
		9F6CE3032BBB7BF6003DEBDA /* PBXTargetDependency */ = {
			isa = PBXTargetDependency;
			target = 9F6CE2EA2BBB7BF3003DEBDA /* Teste */;
			targetProxy = 9F6CE3022BBB7BF6003DEBDA /* PBXContainerItemProxy */;
		};
		9F6CE30D2BBB7BF6003DEBDA /* PBXTargetDependency */ = {
			isa = PBXTargetDependency;
			target = 9F6CE2EA2BBB7BF3003DEBDA /* Teste */;
			targetProxy = 9F6CE30C2BBB7BF6003DEBDA /* PBXContainerItemProxy */;
		};
/* End PBXTargetDependency section */

/* Begin PBXVariantGroup section */
		9F6CE2F92BBB7BF5003DEBDA /* LaunchScreen.storyboard */ = {
			isa = PBXVariantGroup;
			children = (
				9F6CE2FA2BBB7BF5003DEBDA /* Base */,
			);
			name = LaunchScreen.storyboard;
			sourceTree = "<group>";
		};
/* End PBXVariantGroup section */

/* Begin XCBuildConfiguration section */
		9F6CE3132BBB7BF6003DEBDA /* Debug */ = {
			isa = XCBuildConfiguration;
			buildSettings = {
				ALWAYS_SEARCH_USER_PATHS = NO;
				ASSETCATALOG_COMPILER_GENERATE_SWIFT_ASSET_SYMBOL_EXTENSIONS = YES;
				CLANG_ANALYZER_NONNULL = YES;
				CLANG_ANALYZER_NUMBER_OBJECT_CONVERSION = YES_AGGRESSIVE;
				CLANG_CXX_LANGUAGE_STANDARD = "gnu++20";
				CLANG_ENABLE_MODULES = YES;
				CLANG_ENABLE_OBJC_ARC = YES;
				CLANG_ENABLE_OBJC_WEAK = YES;
				CLANG_WARN_BLOCK_CAPTURE_AUTORELEASING = YES;
				CLANG_WARN_BOOL_CONVERSION = YES;
				CLANG_WARN_COMMA = YES;
				CLANG_WARN_CONSTANT_CONVERSION = YES;
				CLANG_WARN_DEPRECATED_OBJC_IMPLEMENTATIONS = YES;
				CLANG_WARN_DIRECT_OBJC_ISA_USAGE = YES_ERROR;
				CLANG_WARN_DOCUMENTATION_COMMENTS = YES;
				CLANG_WARN_EMPTY_BODY = YES;
				CLANG_WARN_ENUM_CONVERSION = YES;
				CLANG_WARN_INFINITE_RECURSION = YES;
				CLANG_WARN_INT_CONVERSION = YES;
				CLANG_WARN_NON_LITERAL_NULL_CONVERSION = YES;
				CLANG_WARN_OBJC_IMPLICIT_RETAIN_SELF = YES;
				CLANG_WARN_OBJC_LITERAL_CONVERSION = YES;
				CLANG_WARN_OBJC_ROOT_CLASS = YES_ERROR;
				CLANG_WARN_QUOTED_INCLUDE_IN_FRAMEWORK_HEADER = YES;
				CLANG_WARN_RANGE_LOOP_ANALYSIS = YES;
				CLANG_WARN_STRICT_PROTOTYPES = YES;
				CLANG_WARN_SUSPICIOUS_MOVE = YES;
				CLANG_WARN_UNGUARDED_AVAILABILITY = YES_AGGRESSIVE;
				CLANG_WARN_UNREACHABLE_CODE = YES;
				CLANG_WARN__DUPLICATE_METHOD_MATCH = YES;
				COPY_PHASE_STRIP = NO;
				DEBUG_INFORMATION_FORMAT = dwarf;
				ENABLE_STRICT_OBJC_MSGSEND = YES;
				ENABLE_TESTABILITY = YES;
				ENABLE_USER_SCRIPT_SANDBOXING = YES;
				GCC_C_LANGUAGE_STANDARD = gnu17;
				GCC_DYNAMIC_NO_PIC = NO;
				GCC_NO_COMMON_BLOCKS = YES;
				GCC_OPTIMIZATION_LEVEL = 0;
				GCC_PREPROCESSOR_DEFINITIONS = (
					"DEBUG=1",
					"$(inherited)",
				);
				GCC_WARN_64_TO_32_BIT_CONVERSION = YES;
				GCC_WARN_ABOUT_RETURN_TYPE = YES_ERROR;
				GCC_WARN_UNDECLARED_SELECTOR = YES;
				GCC_WARN_UNINITIALIZED_AUTOS = YES_AGGRESSIVE;
				GCC_WARN_UNUSED_FUNCTION = YES;
				GCC_WARN_UNUSED_VARIABLE = YES;
				IPHONEOS_DEPLOYMENT_TARGET = 17.4;
				LOCALIZATION_PREFERS_STRING_CATALOGS = YES;
				MTL_ENABLE_DEBUG_INFO = INCLUDE_SOURCE;
				MTL_FAST_MATH = YES;
				ONLY_ACTIVE_ARCH = YES;
				SDKROOT = iphoneos;
				SWIFT_ACTIVE_COMPILATION_CONDITIONS = "DEBUG $(inherited)";
				SWIFT_OPTIMIZATION_LEVEL = "-Onone";
			};
			name = Debug;
		};
		9F6CE3142BBB7BF6003DEBDA /* Release */ = {
			isa = XCBuildConfiguration;
			buildSettings = {
				ALWAYS_SEARCH_USER_PATHS = NO;
				ASSETCATALOG_COMPILER_GENERATE_SWIFT_ASSET_SYMBOL_EXTENSIONS = YES;
				CLANG_ANALYZER_NONNULL = YES;
				CLANG_ANALYZER_NUMBER_OBJECT_CONVERSION = YES_AGGRESSIVE;
				CLANG_CXX_LANGUAGE_STANDARD = "gnu++20";
				CLANG_ENABLE_MODULES = YES;
				CLANG_ENABLE_OBJC_ARC = YES;
				CLANG_ENABLE_OBJC_WEAK = YES;
				CLANG_WARN_BLOCK_CAPTURE_AUTORELEASING = YES;
				CLANG_WARN_BOOL_CONVERSION = YES;
				CLANG_WARN_COMMA = YES;
				CLANG_WARN_CONSTANT_CONVERSION = YES;
				CLANG_WARN_DEPRECATED_OBJC_IMPLEMENTATIONS = YES;
				CLANG_WARN_DIRECT_OBJC_ISA_USAGE = YES_ERROR;
				CLANG_WARN_DOCUMENTATION_COMMENTS = YES;
				CLANG_WARN_EMPTY_BODY = YES;
				CLANG_WARN_ENUM_CONVERSION = YES;
				CLANG_WARN_INFINITE_RECURSION = YES;
				CLANG_WARN_INT_CONVERSION = YES;
				CLANG_WARN_NON_LITERAL_NULL_CONVERSION = YES;
				CLANG_WARN_OBJC_IMPLICIT_RETAIN_SELF = YES;
				CLANG_WARN_OBJC_LITERAL_CONVERSION = YES;
				CLANG_WARN_OBJC_ROOT_CLASS = YES_ERROR;
				CLANG_WARN_QUOTED_INCLUDE_IN_FRAMEWORK_HEADER = YES;
				CLANG_WARN_RANGE_LOOP_ANALYSIS = YES;
				CLANG_WARN_STRICT_PROTOTYPES = YES;
				CLANG_WARN_SUSPICIOUS_MOVE = YES;
				CLANG_WARN_UNGUARDED_AVAILABILITY = YES_AGGRESSIVE;
				CLANG_WARN_UNREACHABLE_CODE = YES;
				CLANG_WARN__DUPLICATE_METHOD_MATCH = YES;
				COPY_PHASE_STRIP = NO;
				DEBUG_INFORMATION_FORMAT = "dwarf-with-dsym";
				ENABLE_NS_ASSERTIONS = NO;
				ENABLE_STRICT_OBJC_MSGSEND = YES;
				ENABLE_USER_SCRIPT_SANDBOXING = YES;
				GCC_C_LANGUAGE_STANDARD = gnu17;
				GCC_NO_COMMON_BLOCKS = YES;
				GCC_WARN_64_TO_32_BIT_CONVERSION = YES;
				GCC_WARN_ABOUT_RETURN_TYPE = YES_ERROR;
				GCC_WARN_UNDECLARED_SELECTOR = YES;
				GCC_WARN_UNINITIALIZED_AUTOS = YES_AGGRESSIVE;
				GCC_WARN_UNUSED_FUNCTION = YES;
				GCC_WARN_UNUSED_VARIABLE = YES;
				IPHONEOS_DEPLOYMENT_TARGET = 17.4;
				LOCALIZATION_PREFERS_STRING_CATALOGS = YES;
				MTL_ENABLE_DEBUG_INFO = NO;
				MTL_FAST_MATH = YES;
				SDKROOT = iphoneos;
				SWIFT_COMPILATION_MODE = wholemodule;
				VALIDATE_PRODUCT = YES;
			};
			name = Release;
		};
		9F6CE3162BBB7BF6003DEBDA /* Debug */ = {
			isa = XCBuildConfiguration;
			buildSettings = {
				ASSETCATALOG_COMPILER_APPICON_NAME = AppIcon;
				ASSETCATALOG_COMPILER_GLOBAL_ACCENT_COLOR_NAME = AccentColor;
				CODE_SIGN_STYLE = Automatic;
				CURRENT_PROJECT_VERSION = 1;
				DEVELOPMENT_TEAM = NYX5QCYS9V;
				GENERATE_INFOPLIST_FILE = YES;
				INFOPLIST_FILE = Teste/Info.plist;
				INFOPLIST_KEY_UIApplicationSupportsIndirectInputEvents = YES;
				INFOPLIST_KEY_UILaunchStoryboardName = LaunchScreen;
				INFOPLIST_KEY_UIMainStoryboardFile = "";
				INFOPLIST_KEY_UISupportedInterfaceOrientations_iPad = "UIInterfaceOrientationPortrait UIInterfaceOrientationPortraitUpsideDown UIInterfaceOrientationLandscapeLeft UIInterfaceOrientationLandscapeRight";
				INFOPLIST_KEY_UISupportedInterfaceOrientations_iPhone = "UIInterfaceOrientationPortrait UIInterfaceOrientationLandscapeLeft UIInterfaceOrientationLandscapeRight";
				LD_RUNPATH_SEARCH_PATHS = (
					"$(inherited)",
					"@executable_path/Frameworks",
				);
				MARKETING_VERSION = 1.0;
				PRODUCT_BUNDLE_IDENTIFIER = com.diegoribeiro.Teste;
				PRODUCT_NAME = "$(TARGET_NAME)";
				SWIFT_EMIT_LOC_STRINGS = YES;
				SWIFT_VERSION = 5.0;
				TARGETED_DEVICE_FAMILY = "1,2";
			};
			name = Debug;
		};
		9F6CE3172BBB7BF6003DEBDA /* Release */ = {
			isa = XCBuildConfiguration;
			buildSettings = {
				ASSETCATALOG_COMPILER_APPICON_NAME = AppIcon;
				ASSETCATALOG_COMPILER_GLOBAL_ACCENT_COLOR_NAME = AccentColor;
				CODE_SIGN_STYLE = Automatic;
				CURRENT_PROJECT_VERSION = 1;
				DEVELOPMENT_TEAM = NYX5QCYS9V;
				GENERATE_INFOPLIST_FILE = YES;
				INFOPLIST_FILE = Teste/Info.plist;
				INFOPLIST_KEY_UIApplicationSupportsIndirectInputEvents = YES;
				INFOPLIST_KEY_UILaunchStoryboardName = LaunchScreen;
				INFOPLIST_KEY_UIMainStoryboardFile = "";
				INFOPLIST_KEY_UISupportedInterfaceOrientations_iPad = "UIInterfaceOrientationPortrait UIInterfaceOrientationPortraitUpsideDown UIInterfaceOrientationLandscapeLeft UIInterfaceOrientationLandscapeRight";
				INFOPLIST_KEY_UISupportedInterfaceOrientations_iPhone = "UIInterfaceOrientationPortrait UIInterfaceOrientationLandscapeLeft UIInterfaceOrientationLandscapeRight";
				LD_RUNPATH_SEARCH_PATHS = (
					"$(inherited)",
					"@executable_path/Frameworks",
				);
				MARKETING_VERSION = 1.0;
				PRODUCT_BUNDLE_IDENTIFIER = com.diegoribeiro.Teste;
				PRODUCT_NAME = "$(TARGET_NAME)";
				SWIFT_EMIT_LOC_STRINGS = YES;
				SWIFT_VERSION = 5.0;
				TARGETED_DEVICE_FAMILY = "1,2";
			};
			name = Release;
		};
		9F6CE3192BBB7BF6003DEBDA /* Debug */ = {
			isa = XCBuildConfiguration;
			buildSettings = {
				ALWAYS_EMBED_SWIFT_STANDARD_LIBRARIES = YES;
				BUNDLE_LOADER = "$(TEST_HOST)";
				CODE_SIGN_STYLE = Automatic;
				CURRENT_PROJECT_VERSION = 1;
				DEVELOPMENT_TEAM = NYX5QCYS9V;
				GENERATE_INFOPLIST_FILE = YES;
				IPHONEOS_DEPLOYMENT_TARGET = 17.4;
				MARKETING_VERSION = 1.0;
				PRODUCT_BUNDLE_IDENTIFIER = com.diegoribeiro.TesteTests;
				PRODUCT_NAME = "$(TARGET_NAME)";
				SWIFT_EMIT_LOC_STRINGS = NO;
				SWIFT_VERSION = 5.0;
				TARGETED_DEVICE_FAMILY = "1,2";
				TEST_HOST = "$(BUILT_PRODUCTS_DIR)/Teste.app/$(BUNDLE_EXECUTABLE_FOLDER_PATH)/Teste";
			};
			name = Debug;
		};
		9F6CE31A2BBB7BF6003DEBDA /* Release */ = {
			isa = XCBuildConfiguration;
			buildSettings = {
				ALWAYS_EMBED_SWIFT_STANDARD_LIBRARIES = YES;
				BUNDLE_LOADER = "$(TEST_HOST)";
				CODE_SIGN_STYLE = Automatic;
				CURRENT_PROJECT_VERSION = 1;
				DEVELOPMENT_TEAM = NYX5QCYS9V;
				GENERATE_INFOPLIST_FILE = YES;
				IPHONEOS_DEPLOYMENT_TARGET = 17.4;
				MARKETING_VERSION = 1.0;
				PRODUCT_BUNDLE_IDENTIFIER = com.diegoribeiro.TesteTests;
				PRODUCT_NAME = "$(TARGET_NAME)";
				SWIFT_EMIT_LOC_STRINGS = NO;
				SWIFT_VERSION = 5.0;
				TARGETED_DEVICE_FAMILY = "1,2";
				TEST_HOST = "$(BUILT_PRODUCTS_DIR)/Teste.app/$(BUNDLE_EXECUTABLE_FOLDER_PATH)/Teste";
			};
			name = Release;
		};
		9F6CE31C2BBB7BF6003DEBDA /* Debug */ = {
			isa = XCBuildConfiguration;
			buildSettings = {
				ALWAYS_EMBED_SWIFT_STANDARD_LIBRARIES = YES;
				CODE_SIGN_STYLE = Automatic;
				CURRENT_PROJECT_VERSION = 1;
				DEVELOPMENT_TEAM = NYX5QCYS9V;
				GENERATE_INFOPLIST_FILE = YES;
				MARKETING_VERSION = 1.0;
				PRODUCT_BUNDLE_IDENTIFIER = com.diegoribeiro.TesteUITests;
				PRODUCT_NAME = "$(TARGET_NAME)";
				SWIFT_EMIT_LOC_STRINGS = NO;
				SWIFT_VERSION = 5.0;
				TARGETED_DEVICE_FAMILY = "1,2";
				TEST_TARGET_NAME = Teste;
			};
			name = Debug;
		};
		9F6CE31D2BBB7BF6003DEBDA /* Release */ = {
			isa = XCBuildConfiguration;
			buildSettings = {
				ALWAYS_EMBED_SWIFT_STANDARD_LIBRARIES = YES;
				CODE_SIGN_STYLE = Automatic;
				CURRENT_PROJECT_VERSION = 1;
				DEVELOPMENT_TEAM = NYX5QCYS9V;
				GENERATE_INFOPLIST_FILE = YES;
				MARKETING_VERSION = 1.0;
				PRODUCT_BUNDLE_IDENTIFIER = com.diegoribeiro.TesteUITests;
				PRODUCT_NAME = "$(TARGET_NAME)";
				SWIFT_EMIT_LOC_STRINGS = NO;
				SWIFT_VERSION = 5.0;
				TARGETED_DEVICE_FAMILY = "1,2";
				TEST_TARGET_NAME = Teste;
			};
			name = Release;
		};
/* End XCBuildConfiguration section */

/* Begin XCConfigurationList section */
		9F6CE2E62BBB7BF2003DEBDA /* Build configuration list for PBXProject "Teste" */ = {
			isa = XCConfigurationList;
			buildConfigurations = (
				9F6CE3132BBB7BF6003DEBDA /* Debug */,
				9F6CE3142BBB7BF6003DEBDA /* Release */,
			);
			defaultConfigurationIsVisible = 0;
			defaultConfigurationName = Release;
		};
		9F6CE3152BBB7BF6003DEBDA /* Build configuration list for PBXNativeTarget "Teste" */ = {
			isa = XCConfigurationList;
			buildConfigurations = (
				9F6CE3162BBB7BF6003DEBDA /* Debug */,
				9F6CE3172BBB7BF6003DEBDA /* Release */,
			);
			defaultConfigurationIsVisible = 0;
			defaultConfigurationName = Release;
		};
		9F6CE3182BBB7BF6003DEBDA /* Build configuration list for PBXNativeTarget "TesteTests" */ = {
			isa = XCConfigurationList;
			buildConfigurations = (
				9F6CE3192BBB7BF6003DEBDA /* Debug */,
				9F6CE31A2BBB7BF6003DEBDA /* Release */,
			);
			defaultConfigurationIsVisible = 0;
			defaultConfigurationName = Release;
		};
		9F6CE31B2BBB7BF6003DEBDA /* Build configuration list for PBXNativeTarget "TesteUITests" */ = {
			isa = XCConfigurationList;
			buildConfigurations = (
				9F6CE31C2BBB7BF6003DEBDA /* Debug */,
				9F6CE31D2BBB7BF6003DEBDA /* Release */,
			);
			defaultConfigurationIsVisible = 0;
			defaultConfigurationName = Release;
		};
/* End XCConfigurationList section */
	};
	rootObject = 9F6CE2E32BBB7BF2003DEBDA /* Project object */;
}
